// !$*UTF8*$!
{
	archiveVersion = 1;
	classes = {
	};
	objectVersion = 46;
	objects = {

/* Begin PBXBuildFile section */
		6EE1EF0F19BFE76600B88C23 /* Foundation.framework in Frameworks */ = {isa = PBXBuildFile; fileRef = 6EE1EF0E19BFE76600B88C23 /* Foundation.framework */; };
		6EE1EF1119BFE76600B88C23 /* CoreGraphics.framework in Frameworks */ = {isa = PBXBuildFile; fileRef = 6EE1EF1019BFE76600B88C23 /* CoreGraphics.framework */; };
		6EE1EF1319BFE76600B88C23 /* UIKit.framework in Frameworks */ = {isa = PBXBuildFile; fileRef = 6EE1EF1219BFE76600B88C23 /* UIKit.framework */; };
		6EE1EF1919BFE76600B88C23 /* InfoPlist.strings in Resources */ = {isa = PBXBuildFile; fileRef = 6EE1EF1719BFE76600B88C23 /* InfoPlist.strings */; };
		6EE1EF1B19BFE76600B88C23 /* main.m in Sources */ = {isa = PBXBuildFile; fileRef = 6EE1EF1A19BFE76600B88C23 /* main.m */; };
		6EE1EF1F19BFE76600B88C23 /* RDDAppDelegate.m in Sources */ = {isa = PBXBuildFile; fileRef = 6EE1EF1E19BFE76600B88C23 /* RDDAppDelegate.m */; };
		6EE1EF2219BFE76600B88C23 /* Main.storyboard in Resources */ = {isa = PBXBuildFile; fileRef = 6EE1EF2019BFE76600B88C23 /* Main.storyboard */; };
		6EE1EF2519BFE76600B88C23 /* RDDViewController.m in Sources */ = {isa = PBXBuildFile; fileRef = 6EE1EF2419BFE76600B88C23 /* RDDViewController.m */; };
		6EE1EF2719BFE76600B88C23 /* Images.xcassets in Resources */ = {isa = PBXBuildFile; fileRef = 6EE1EF2619BFE76600B88C23 /* Images.xcassets */; };
		6EE1EF2E19BFE76600B88C23 /* XCTest.framework in Frameworks */ = {isa = PBXBuildFile; fileRef = 6EE1EF2D19BFE76600B88C23 /* XCTest.framework */; };
		6EE1EF2F19BFE76600B88C23 /* Foundation.framework in Frameworks */ = {isa = PBXBuildFile; fileRef = 6EE1EF0E19BFE76600B88C23 /* Foundation.framework */; };
		6EE1EF3019BFE76600B88C23 /* UIKit.framework in Frameworks */ = {isa = PBXBuildFile; fileRef = 6EE1EF1219BFE76600B88C23 /* UIKit.framework */; };
		6EE1EF3819BFE76600B88C23 /* InfoPlist.strings in Resources */ = {isa = PBXBuildFile; fileRef = 6EE1EF3619BFE76600B88C23 /* InfoPlist.strings */; };
		6EE1EF3A19BFE76600B88C23 /* User_Data_Challenge_SolutionTests.m in Sources */ = {isa = PBXBuildFile; fileRef = 6EE1EF3919BFE76600B88C23 /* User_Data_Challenge_SolutionTests.m */; };
/* End PBXBuildFile section */

/* Begin PBXContainerItemProxy section */
		6EE1EF3119BFE76600B88C23 /* PBXContainerItemProxy */ = {
			isa = PBXContainerItemProxy;
			containerPortal = 6EE1EF0319BFE76600B88C23 /* Project object */;
			proxyType = 1;
			remoteGlobalIDString = 6EE1EF0A19BFE76600B88C23;
			remoteInfo = "User Data Challenge Solution";
		};
/* End PBXContainerItemProxy section */

/* Begin PBXFileReference section */
		6EE1EF0B19BFE76600B88C23 /* User Data Challenge Solution.app */ = {isa = PBXFileReference; explicitFileType = wrapper.application; includeInIndex = 0; path = "User Data Challenge Solution.app"; sourceTree = BUILT_PRODUCTS_DIR; };
		6EE1EF0E19BFE76600B88C23 /* Foundation.framework */ = {isa = PBXFileReference; lastKnownFileType = wrapper.framework; name = Foundation.framework; path = System/Library/Frameworks/Foundation.framework; sourceTree = SDKROOT; };
		6EE1EF1019BFE76600B88C23 /* CoreGraphics.framework */ = {isa = PBXFileReference; lastKnownFileType = wrapper.framework; name = CoreGraphics.framework; path = System/Library/Frameworks/CoreGraphics.framework; sourceTree = SDKROOT; };
		6EE1EF1219BFE76600B88C23 /* UIKit.framework */ = {isa = PBXFileReference; lastKnownFileType = wrapper.framework; name = UIKit.framework; path = System/Library/Frameworks/UIKit.framework; sourceTree = SDKROOT; };
		6EE1EF1619BFE76600B88C23 /* User Data Challenge Solution-Info.plist */ = {isa = PBXFileReference; lastKnownFileType = text.plist.xml; path = "User Data Challenge Solution-Info.plist"; sourceTree = "<group>"; };
		6EE1EF1819BFE76600B88C23 /* en */ = {isa = PBXFileReference; lastKnownFileType = text.plist.strings; name = en; path = en.lproj/InfoPlist.strings; sourceTree = "<group>"; };
		6EE1EF1A19BFE76600B88C23 /* main.m */ = {isa = PBXFileReference; lastKnownFileType = sourcecode.c.objc; path = main.m; sourceTree = "<group>"; };
		6EE1EF1C19BFE76600B88C23 /* User Data Challenge Solution-Prefix.pch */ = {isa = PBXFileReference; lastKnownFileType = sourcecode.c.h; path = "User Data Challenge Solution-Prefix.pch"; sourceTree = "<group>"; };
		6EE1EF1D19BFE76600B88C23 /* RDDAppDelegate.h */ = {isa = PBXFileReference; lastKnownFileType = sourcecode.c.h; path = RDDAppDelegate.h; sourceTree = "<group>"; };
		6EE1EF1E19BFE76600B88C23 /* RDDAppDelegate.m */ = {isa = PBXFileReference; lastKnownFileType = sourcecode.c.objc; path = RDDAppDelegate.m; sourceTree = "<group>"; };
		6EE1EF2119BFE76600B88C23 /* Base */ = {isa = PBXFileReference; lastKnownFileType = file.storyboard; name = Base; path = Base.lproj/Main.storyboard; sourceTree = "<group>"; };
		6EE1EF2319BFE76600B88C23 /* RDDViewController.h */ = {isa = PBXFileReference; lastKnownFileType = sourcecode.c.h; path = RDDViewController.h; sourceTree = "<group>"; };
		6EE1EF2419BFE76600B88C23 /* RDDViewController.m */ = {isa = PBXFileReference; lastKnownFileType = sourcecode.c.objc; path = RDDViewController.m; sourceTree = "<group>"; };
		6EE1EF2619BFE76600B88C23 /* Images.xcassets */ = {isa = PBXFileReference; lastKnownFileType = folder.assetcatalog; path = Images.xcassets; sourceTree = "<group>"; };
		6EE1EF2C19BFE76600B88C23 /* User Data Challenge SolutionTests.xctest */ = {isa = PBXFileReference; explicitFileType = wrapper.cfbundle; includeInIndex = 0; path = "User Data Challenge SolutionTests.xctest"; sourceTree = BUILT_PRODUCTS_DIR; };
		6EE1EF2D19BFE76600B88C23 /* XCTest.framework */ = {isa = PBXFileReference; lastKnownFileType = wrapper.framework; name = XCTest.framework; path = Library/Frameworks/XCTest.framework; sourceTree = DEVELOPER_DIR; };
		6EE1EF3519BFE76600B88C23 /* User Data Challenge SolutionTests-Info.plist */ = {isa = PBXFileReference; lastKnownFileType = text.plist.xml; path = "User Data Challenge SolutionTests-Info.plist"; sourceTree = "<group>"; };
		6EE1EF3719BFE76600B88C23 /* en */ = {isa = PBXFileReference; lastKnownFileType = text.plist.strings; name = en; path = en.lproj/InfoPlist.strings; sourceTree = "<group>"; };
		6EE1EF3919BFE76600B88C23 /* User_Data_Challenge_SolutionTests.m */ = {isa = PBXFileReference; lastKnownFileType = sourcecode.c.objc; path = User_Data_Challenge_SolutionTests.m; sourceTree = "<group>"; };
/* End PBXFileReference section */

/* Begin PBXFrameworksBuildPhase section */
		6EE1EF0819BFE76600B88C23 /* Frameworks */ = {
			isa = PBXFrameworksBuildPhase;
			buildActionMask = 2147483647;
			files = (
				6EE1EF1119BFE76600B88C23 /* CoreGraphics.framework in Frameworks */,
				6EE1EF1319BFE76600B88C23 /* UIKit.framework in Frameworks */,
				6EE1EF0F19BFE76600B88C23 /* Foundation.framework in Frameworks */,
			);
			runOnlyForDeploymentPostprocessing = 0;
		};
		6EE1EF2919BFE76600B88C23 /* Frameworks */ = {
			isa = PBXFrameworksBuildPhase;
			buildActionMask = 2147483647;
			files = (
				6EE1EF2E19BFE76600B88C23 /* XCTest.framework in Frameworks */,
				6EE1EF3019BFE76600B88C23 /* UIKit.framework in Frameworks */,
				6EE1EF2F19BFE76600B88C23 /* Foundation.framework in Frameworks */,
			);
			runOnlyForDeploymentPostprocessing = 0;
		};
/* End PBXFrameworksBuildPhase section */

/* Begin PBXGroup section */
		6EE1EF0219BFE76600B88C23 = {
			isa = PBXGroup;
			children = (
				6EE1EF1419BFE76600B88C23 /* User Data Challenge Solution */,
				6EE1EF3319BFE76600B88C23 /* User Data Challenge SolutionTests */,
				6EE1EF0D19BFE76600B88C23 /* Frameworks */,
				6EE1EF0C19BFE76600B88C23 /* Products */,
			);
			sourceTree = "<group>";
		};
		6EE1EF0C19BFE76600B88C23 /* Products */ = {
			isa = PBXGroup;
			children = (
				6EE1EF0B19BFE76600B88C23 /* User Data Challenge Solution.app */,
				6EE1EF2C19BFE76600B88C23 /* User Data Challenge SolutionTests.xctest */,
			);
			name = Products;
			sourceTree = "<group>";
		};
		6EE1EF0D19BFE76600B88C23 /* Frameworks */ = {
			isa = PBXGroup;
			children = (
				6EE1EF0E19BFE76600B88C23 /* Foundation.framework */,
				6EE1EF1019BFE76600B88C23 /* CoreGraphics.framework */,
				6EE1EF1219BFE76600B88C23 /* UIKit.framework */,
				6EE1EF2D19BFE76600B88C23 /* XCTest.framework */,
			);
			name = Frameworks;
			sourceTree = "<group>";
		};
		6EE1EF1419BFE76600B88C23 /* User Data Challenge Solution */ = {
			isa = PBXGroup;
			children = (
				6EE1EF1D19BFE76600B88C23 /* RDDAppDelegate.h */,
				6EE1EF1E19BFE76600B88C23 /* RDDAppDelegate.m */,
				6EE1EF2019BFE76600B88C23 /* Main.storyboard */,
				6EE1EF2319BFE76600B88C23 /* RDDViewController.h */,
				6EE1EF2419BFE76600B88C23 /* RDDViewController.m */,
				6EE1EF2619BFE76600B88C23 /* Images.xcassets */,
				6EE1EF1519BFE76600B88C23 /* Supporting Files */,
			);
			path = "User Data Challenge Solution";
			sourceTree = "<group>";
		};
		6EE1EF1519BFE76600B88C23 /* Supporting Files */ = {
			isa = PBXGroup;
			children = (
				6EE1EF1619BFE76600B88C23 /* User Data Challenge Solution-Info.plist */,
				6EE1EF1719BFE76600B88C23 /* InfoPlist.strings */,
				6EE1EF1A19BFE76600B88C23 /* main.m */,
				6EE1EF1C19BFE76600B88C23 /* User Data Challenge Solution-Prefix.pch */,
			);
			name = "Supporting Files";
			sourceTree = "<group>";
		};
		6EE1EF3319BFE76600B88C23 /* User Data Challenge SolutionTests */ = {
			isa = PBXGroup;
			children = (
				6EE1EF3919BFE76600B88C23 /* User_Data_Challenge_SolutionTests.m */,
				6EE1EF3419BFE76600B88C23 /* Supporting Files */,
			);
			path = "User Data Challenge SolutionTests";
			sourceTree = "<group>";
		};
		6EE1EF3419BFE76600B88C23 /* Supporting Files */ = {
			isa = PBXGroup;
			children = (
				6EE1EF3519BFE76600B88C23 /* User Data Challenge SolutionTests-Info.plist */,
				6EE1EF3619BFE76600B88C23 /* InfoPlist.strings */,
			);
			name = "Supporting Files";
			sourceTree = "<group>";
		};
/* End PBXGroup section */

/* Begin PBXNativeTarget section */
		6EE1EF0A19BFE76600B88C23 /* User Data Challenge Solution */ = {
			isa = PBXNativeTarget;
			buildConfigurationList = 6EE1EF3D19BFE76600B88C23 /* Build configuration list for PBXNativeTarget "User Data Challenge Solution" */;
			buildPhases = (
				6EE1EF0719BFE76600B88C23 /* Sources */,
				6EE1EF0819BFE76600B88C23 /* Frameworks */,
				6EE1EF0919BFE76600B88C23 /* Resources */,
			);
			buildRules = (
			);
			dependencies = (
			);
			name = "User Data Challenge Solution";
			productName = "User Data Challenge Solution";
			productReference = 6EE1EF0B19BFE76600B88C23 /* User Data Challenge Solution.app */;
			productType = "com.apple.product-type.application";
		};
		6EE1EF2B19BFE76600B88C23 /* User Data Challenge SolutionTests */ = {
			isa = PBXNativeTarget;
			buildConfigurationList = 6EE1EF4019BFE76600B88C23 /* Build configuration list for PBXNativeTarget "User Data Challenge SolutionTests" */;
			buildPhases = (
				6EE1EF2819BFE76600B88C23 /* Sources */,
				6EE1EF2919BFE76600B88C23 /* Frameworks */,
				6EE1EF2A19BFE76600B88C23 /* Resources */,
			);
			buildRules = (
			);
			dependencies = (
				6EE1EF3219BFE76600B88C23 /* PBXTargetDependency */,
			);
			name = "User Data Challenge SolutionTests";
			productName = "User Data Challenge SolutionTests";
			productReference = 6EE1EF2C19BFE76600B88C23 /* User Data Challenge SolutionTests.xctest */;
			productType = "com.apple.product-type.bundle.unit-test";
		};
/* End PBXNativeTarget section */

/* Begin PBXProject section */
		6EE1EF0319BFE76600B88C23 /* Project object */ = {
			isa = PBXProject;
			attributes = {
				CLASSPREFIX = RDD;
				LastUpgradeCheck = 0510;
				ORGANIZATIONNAME = RDuran;
				TargetAttributes = {
					6EE1EF2B19BFE76600B88C23 = {
						TestTargetID = 6EE1EF0A19BFE76600B88C23;
					};
				};
			};
			buildConfigurationList = 6EE1EF0619BFE76600B88C23 /* Build configuration list for PBXProject "User Data Challenge Solution" */;
			compatibilityVersion = "Xcode 3.2";
			developmentRegion = English;
			hasScannedForEncodings = 0;
			knownRegions = (
				en,
				Base,
			);
			mainGroup = 6EE1EF0219BFE76600B88C23;
			productRefGroup = 6EE1EF0C19BFE76600B88C23 /* Products */;
			projectDirPath = "";
			projectRoot = "";
			targets = (
				6EE1EF0A19BFE76600B88C23 /* User Data Challenge Solution */,
				6EE1EF2B19BFE76600B88C23 /* User Data Challenge SolutionTests */,
			);
		};
/* End PBXProject section */

/* Begin PBXResourcesBuildPhase section */
		6EE1EF0919BFE76600B88C23 /* Resources */ = {
			isa = PBXResourcesBuildPhase;
			buildActionMask = 2147483647;
			files = (
				6EE1EF2719BFE76600B88C23 /* Images.xcassets in Resources */,
				6EE1EF1919BFE76600B88C23 /* InfoPlist.strings in Resources */,
				6EE1EF2219BFE76600B88C23 /* Main.storyboard in Resources */,
			);
			runOnlyForDeploymentPostprocessing = 0;
		};
		6EE1EF2A19BFE76600B88C23 /* Resources */ = {
			isa = PBXResourcesBuildPhase;
			buildActionMask = 2147483647;
			files = (
				6EE1EF3819BFE76600B88C23 /* InfoPlist.strings in Resources */,
			);
			runOnlyForDeploymentPostprocessing = 0;
		};
/* End PBXResourcesBuildPhase section */

/* Begin PBXSourcesBuildPhase section */
		6EE1EF0719BFE76600B88C23 /* Sources */ = {
			isa = PBXSourcesBuildPhase;
			buildActionMask = 2147483647;
			files = (
				6EE1EF1B19BFE76600B88C23 /* main.m in Sources */,
				6EE1EF1F19BFE76600B88C23 /* RDDAppDelegate.m in Sources */,
				6EE1EF2519BFE76600B88C23 /* RDDViewController.m in Sources */,
			);
			runOnlyForDeploymentPostprocessing = 0;
		};
		6EE1EF2819BFE76600B88C23 /* Sources */ = {
			isa = PBXSourcesBuildPhase;
			buildActionMask = 2147483647;
			files = (
				6EE1EF3A19BFE76600B88C23 /* User_Data_Challenge_SolutionTests.m in Sources */,
			);
			runOnlyForDeploymentPostprocessing = 0;
		};
/* End PBXSourcesBuildPhase section */

/* Begin PBXTargetDependency section */
		6EE1EF3219BFE76600B88C23 /* PBXTargetDependency */ = {
			isa = PBXTargetDependency;
			target = 6EE1EF0A19BFE76600B88C23 /* User Data Challenge Solution */;
			targetProxy = 6EE1EF3119BFE76600B88C23 /* PBXContainerItemProxy */;
		};
/* End PBXTargetDependency section */

/* Begin PBXVariantGroup section */
		6EE1EF1719BFE76600B88C23 /* InfoPlist.strings */ = {
			isa = PBXVariantGroup;
			children = (
				6EE1EF1819BFE76600B88C23 /* en */,
			);
			name = InfoPlist.strings;
			sourceTree = "<group>";
		};
		6EE1EF2019BFE76600B88C23 /* Main.storyboard */ = {
			isa = PBXVariantGroup;
			children = (
				6EE1EF2119BFE76600B88C23 /* Base */,
			);
			name = Main.storyboard;
			sourceTree = "<group>";
		};
		6EE1EF3619BFE76600B88C23 /* InfoPlist.strings */ = {
			isa = PBXVariantGroup;
			children = (
				6EE1EF3719BFE76600B88C23 /* en */,
			);
			name = InfoPlist.strings;
			sourceTree = "<group>";
		};
/* End PBXVariantGroup section */

/* Begin XCBuildConfiguration section */
		6EE1EF3B19BFE76600B88C23 /* Debug */ = {
			isa = XCBuildConfiguration;
			buildSettings = {
				ALWAYS_SEARCH_USER_PATHS = NO;
				CLANG_CXX_LANGUAGE_STANDARD = "gnu++0x";
				CLANG_CXX_LIBRARY = "libc++";
				CLANG_ENABLE_MODULES = YES;
				CLANG_ENABLE_OBJC_ARC = YES;
				CLANG_WARN_BOOL_CONVERSION = YES;
				CLANG_WARN_CONSTANT_CONVERSION = YES;
				CLANG_WARN_DIRECT_OBJC_ISA_USAGE = YES_ERROR;
				CLANG_WARN_EMPTY_BODY = YES;
				CLANG_WARN_ENUM_CONVERSION = YES;
				CLANG_WARN_INT_CONVERSION = YES;
				CLANG_WARN_OBJC_ROOT_CLASS = YES_ERROR;
				CLANG_WARN__DUPLICATE_METHOD_MATCH = YES;
				"CODE_SIGN_IDENTITY[sdk=iphoneos*]" = "iPhone Developer";
				COPY_PHASE_STRIP = NO;
				GCC_C_LANGUAGE_STANDARD = gnu99;
				GCC_DYNAMIC_NO_PIC = NO;
				GCC_OPTIMIZATION_LEVEL = 0;
				GCC_PREPROCESSOR_DEFINITIONS = (
					"DEBUG=1",
					"$(inherited)",
				);
				GCC_SYMBOLS_PRIVATE_EXTERN = NO;
				GCC_WARN_64_TO_32_BIT_CONVERSION = YES;
				GCC_WARN_ABOUT_RETURN_TYPE = YES_ERROR;
				GCC_WARN_UNDECLARED_SELECTOR = YES;
				GCC_WARN_UNINITIALIZED_AUTOS = YES_AGGRESSIVE;
				GCC_WARN_UNUSED_FUNCTION = YES;
				GCC_WARN_UNUSED_VARIABLE = YES;
				IPHONEOS_DEPLOYMENT_TARGET = 7.1;
				ONLY_ACTIVE_ARCH = YES;
				SDKROOT = iphoneos;
			};
			name = Debug;
		};
		6EE1EF3C19BFE76600B88C23 /* Release */ = {
			isa = XCBuildConfiguration;
			buildSettings = {
				ALWAYS_SEARCH_USER_PATHS = NO;
				CLANG_CXX_LANGUAGE_STANDARD = "gnu++0x";
				CLANG_CXX_LIBRARY = "libc++";
				CLANG_ENABLE_MODULES = YES;
				CLANG_ENABLE_OBJC_ARC = YES;
				CLANG_WARN_BOOL_CONVERSION = YES;
				CLANG_WARN_CONSTANT_CONVERSION = YES;
				CLANG_WARN_DIRECT_OBJC_ISA_USAGE = YES_ERROR;
				CLANG_WARN_EMPTY_BODY = YES;
				CLANG_WARN_ENUM_CONVERSION = YES;
				CLANG_WARN_INT_CONVERSION = YES;
				CLANG_WARN_OBJC_ROOT_CLASS = YES_ERROR;
				CLANG_WARN__DUPLICATE_METHOD_MATCH = YES;
				"CODE_SIGN_IDENTITY[sdk=iphoneos*]" = "iPhone Developer";
				COPY_PHASE_STRIP = YES;
				ENABLE_NS_ASSERTIONS = NO;
				GCC_C_LANGUAGE_STANDARD = gnu99;
				GCC_WARN_64_TO_32_BIT_CONVERSION = YES;
				GCC_WARN_ABOUT_RETURN_TYPE = YES_ERROR;
				GCC_WARN_UNDECLARED_SELECTOR = YES;
				GCC_WARN_UNINITIALIZED_AUTOS = YES_AGGRESSIVE;
				GCC_WARN_UNUSED_FUNCTION = YES;
				GCC_WARN_UNUSED_VARIABLE = YES;
				IPHONEOS_DEPLOYMENT_TARGET = 7.1;
				SDKROOT = iphoneos;
				VALIDATE_PRODUCT = YES;
			};
			name = Release;
		};
		6EE1EF3E19BFE76600B88C23 /* Debug */ = {
			isa = XCBuildConfiguration;
			buildSettings = {
				ASSETCATALOG_COMPILER_APPICON_NAME = AppIcon;
				ASSETCATALOG_COMPILER_LAUNCHIMAGE_NAME = LaunchImage;
				GCC_PRECOMPILE_PREFIX_HEADER = YES;
				GCC_PREFIX_HEADER = "User Data Challenge Solution/User Data Challenge Solution-Prefix.pch";
				INFOPLIST_FILE = "User Data Challenge Solution/User Data Challenge Solution-Info.plist";
				PRODUCT_NAME = "$(TARGET_NAME)";
				WRAPPER_EXTENSION = app;
			};
			name = Debug;
		};
		6EE1EF3F19BFE76600B88C23 /* Release */ = {
			isa = XCBuildConfiguration;
			buildSettings = {
				ASSETCATALOG_COMPILER_APPICON_NAME = AppIcon;
				ASSETCATALOG_COMPILER_LAUNCHIMAGE_NAME = LaunchImage;
				GCC_PRECOMPILE_PREFIX_HEADER = YES;
				GCC_PREFIX_HEADER = "User Data Challenge Solution/User Data Challenge Solution-Prefix.pch";
				INFOPLIST_FILE = "User Data Challenge Solution/User Data Challenge Solution-Info.plist";
				PRODUCT_NAME = "$(TARGET_NAME)";
				WRAPPER_EXTENSION = app;
			};
			name = Release;
		};
		6EE1EF4119BFE76600B88C23 /* Debug */ = {
			isa = XCBuildConfiguration;
			buildSettings = {
				BUNDLE_LOADER = "$(BUILT_PRODUCTS_DIR)/User Data Challenge Solution.app/User Data Challenge Solution";
				FRAMEWORK_SEARCH_PATHS = (
					"$(SDKROOT)/Developer/Library/Frameworks",
					"$(inherited)",
					"$(DEVELOPER_FRAMEWORKS_DIR)",
				);
				GCC_PRECOMPILE_PREFIX_HEADER = YES;
				GCC_PREFIX_HEADER = "User Data Challenge Solution/User Data Challenge Solution-Prefix.pch";
				GCC_PREPROCESSOR_DEFINITIONS = (
					"DEBUG=1",
					"$(inherited)",
				);
				INFOPLIST_FILE = "User Data Challenge SolutionTests/User Data Challenge SolutionTests-Info.plist";
				PRODUCT_NAME = "$(TARGET_NAME)";
				TEST_HOST = "$(BUNDLE_LOADER)";
				WRAPPER_EXTENSION = xctest;
			};
			name = Debug;
		};
		6EE1EF4219BFE76600B88C23 /* Release */ = {
			isa = XCBuildConfiguration;
			buildSettings = {
				BUNDLE_LOADER = "$(BUILT_PRODUCTS_DIR)/User Data Challenge Solution.app/User Data Challenge Solution";
				FRAMEWORK_SEARCH_PATHS = (
					"$(SDKROOT)/Developer/Library/Frameworks",
					"$(inherited)",
					"$(DEVELOPER_FRAMEWORKS_DIR)",
				);
				GCC_PRECOMPILE_PREFIX_HEADER = YES;
				GCC_PREFIX_HEADER = "User Data Challenge Solution/User Data Challenge Solution-Prefix.pch";
				INFOPLIST_FILE = "User Data Challenge SolutionTests/User Data Challenge SolutionTests-Info.plist";
				PRODUCT_NAME = "$(TARGET_NAME)";
				TEST_HOST = "$(BUNDLE_LOADER)";
				WRAPPER_EXTENSION = xctest;
			};
			name = Release;
		};
/* End XCBuildConfiguration section */

/* Begin XCConfigurationList section */
		6EE1EF0619BFE76600B88C23 /* Build configuration list for PBXProject "User Data Challenge Solution" */ = {
			isa = XCConfigurationList;
			buildConfigurations = (
				6EE1EF3B19BFE76600B88C23 /* Debug */,
				6EE1EF3C19BFE76600B88C23 /* Release */,
			);
			defaultConfigurationIsVisible = 0;
			defaultConfigurationName = Release;
		};
		6EE1EF3D19BFE76600B88C23 /* Build configuration list for PBXNativeTarget "User Data Challenge Solution" */ = {
			isa = XCConfigurationList;
			buildConfigurations = (
				6EE1EF3E19BFE76600B88C23 /* Debug */,
				6EE1EF3F19BFE76600B88C23 /* Release */,
			);
			defaultConfigurationIsVisible = 0;
		};
		6EE1EF4019BFE76600B88C23 /* Build configuration list for PBXNativeTarget "User Data Challenge SolutionTests" */ = {
			isa = XCConfigurationList;
			buildConfigurations = (
				6EE1EF4119BFE76600B88C23 /* Debug */,
				6EE1EF4219BFE76600B88C23 /* Release */,
			);
			defaultConfigurationIsVisible = 0;
		};
/* End XCConfigurationList section */
	};
	rootObject = 6EE1EF0319BFE76600B88C23 /* Project object */;
}
